
Microsoft Visual Studio Solution File, Format Version 12.00
# Visual Studio Version 16
VisualStudioVersion = 16.0.810.14
MinimumVisualStudioVersion = 10.0.40219.1
Project("{FAE04EC0-301F-11D3-BF4B-00C04F79EFBC}") = "Project", "Project.csproj", "{936BADD8-0DE5-4776-BBAE-DD25A9AD6F19}"
EndProject
Global
	GlobalSection(SolutionConfigurationPlatforms) = preSolution
		Debug|Any CPU = Debug|Any CPU
		Release|Any CPU = Release|Any CPU
	EndGlobalSection
	GlobalSection(ProjectConfigurationPlatforms) = postSolution
		{936BADD8-0DE5-4776-BBAE-DD25A9AD6F19}.Debug|Any CPU.ActiveCfg = Debug|Any CPU
		{936BADD8-0DE5-4776-BBAE-DD25A9AD6F19}.Debug|Any CPU.Build.0 = Debug|Any CPU
		{936BADD8-0DE5-4776-BBAE-DD25A9AD6F19}.Release|Any CPU.ActiveCfg = Release|Any CPU
		{936BADD8-0DE5-4776-BBAE-DD25A9AD6F19}.Release|Any CPU.Build.0 = Release|Any CPU
	EndGlobalSection
	GlobalSection(SolutionProperties) = preSolution
		HideSolutionNode = FALSE
	EndGlobalSection
	GlobalSection(ExtensibilityGlobals) = postSolution
		SolutionGuid = {51735010-8C83-489D-9E5F-613D01366BD7}
	EndGlobalSection
EndGlobal
